
Microsoft Visual Studio Solution File, Format Version 12.00
# Visual Studio Version 17
VisualStudioVersion = 17.12.35506.116 d17.12
MinimumVisualStudioVersion = 10.0.40219.1
Project("{FAE04EC0-301F-11D3-BF4B-00C04F79EFBC}") = "Restaurants.API", "Restaurants.API\Restaurants.API.csproj", "{9E924928-AB81-4243-9D1F-6AF26FA2DA6E}"
EndProject
Project("{FAE04EC0-301F-11D3-BF4B-00C04F79EFBC}") = "Restaurants.Domain", "Restaurants.Domain\Restaurants.Domain.csproj", "{94A600EF-D6F9-4F4F-B57B-C94C403DED96}"
EndProject
Project("{FAE04EC0-301F-11D3-BF4B-00C04F79EFBC}") = "Restaurants.Application", "Restaurants.Application\Restaurants.Application.csproj", "{2688C2A1-9CEC-416C-B25E-4C72ED7C5141}"
EndProject
Project("{FAE04EC0-301F-11D3-BF4B-00C04F79EFBC}") = "Restaurants.Infrastructure", "Restaurants.Infrastructure\Restaurants.Infrastructure.csproj", "{DC515BBC-241C-4A2A-B50B-E80C91885B69}"
EndProject
Global
	GlobalSection(SolutionConfigurationPlatforms) = preSolution
		Debug|Any CPU = Debug|Any CPU
		Release|Any CPU = Release|Any CPU
	EndGlobalSection
	GlobalSection(ProjectConfigurationPlatforms) = postSolution
		{9E924928-AB81-4243-9D1F-6AF26FA2DA6E}.Debug|Any CPU.ActiveCfg = Debug|Any CPU
		{9E924928-AB81-4243-9D1F-6AF26FA2DA6E}.Debug|Any CPU.Build.0 = Debug|Any CPU
		{9E924928-AB81-4243-9D1F-6AF26FA2DA6E}.Release|Any CPU.ActiveCfg = Release|Any CPU
		{9E924928-AB81-4243-9D1F-6AF26FA2DA6E}.Release|Any CPU.Build.0 = Release|Any CPU
		{94A600EF-D6F9-4F4F-B57B-C94C403DED96}.Debug|Any CPU.ActiveCfg = Debug|Any CPU
		{94A600EF-D6F9-4F4F-B57B-C94C403DED96}.Debug|Any CPU.Build.0 = Debug|Any CPU
		{94A600EF-D6F9-4F4F-B57B-C94C403DED96}.Release|Any CPU.ActiveCfg = Release|Any CPU
		{94A600EF-D6F9-4F4F-B57B-C94C403DED96}.Release|Any CPU.Build.0 = Release|Any CPU
		{2688C2A1-9CEC-416C-B25E-4C72ED7C5141}.Debug|Any CPU.ActiveCfg = Debug|Any CPU
		{2688C2A1-9CEC-416C-B25E-4C72ED7C5141}.Debug|Any CPU.Build.0 = Debug|Any CPU
		{2688C2A1-9CEC-416C-B25E-4C72ED7C5141}.Release|Any CPU.ActiveCfg = Release|Any CPU
		{2688C2A1-9CEC-416C-B25E-4C72ED7C5141}.Release|Any CPU.Build.0 = Release|Any CPU
		{DC515BBC-241C-4A2A-B50B-E80C91885B69}.Debug|Any CPU.ActiveCfg = Debug|Any CPU
		{DC515BBC-241C-4A2A-B50B-E80C91885B69}.Debug|Any CPU.Build.0 = Debug|Any CPU
		{DC515BBC-241C-4A2A-B50B-E80C91885B69}.Release|Any CPU.ActiveCfg = Release|Any CPU
		{DC515BBC-241C-4A2A-B50B-E80C91885B69}.Release|Any CPU.Build.0 = Release|Any CPU
	EndGlobalSection
	GlobalSection(SolutionProperties) = preSolution
		HideSolutionNode = FALSE
	EndGlobalSection
EndGlobal
